// !$*UTF8*$!
{
	archiveVersion = 1;
	classes = {
	};
	objectVersion = 56;
	objects = {

/* Begin PBXBuildFile section */
		88E719AB2F5D069E00EBDB76 /* GameResponse.swift in Sources */ = {isa = PBXBuildFile; fileRef = 88E719A42F5D069E00EBDB76 /* GameResponse.swift */; };
		88E719AC2F5D069E00EBDB76 /* Assets.xcassets in Resources */ = {isa = PBXBuildFile; fileRef = 88E719A52F5D069E00EBDB76 /* Assets.xcassets */; };
		88E719AD2F5D069E00EBDB76 /* AppDelegate.swift in Sources */ = {isa = PBXBuildFile; fileRef = 88E719A62F5D069E00EBDB76 /* AppDelegate.swift */; };
		88E719AE2F5D069E00EBDB76 /* GameSession.swift in Sources */ = {isa = PBXBuildFile; fileRef = 88E719A72F5D069E00EBDB76 /* GameSession.swift */; };
		88E719AF2F5D069E00EBDB76 /* Insignia_MenubarApp.swift in Sources */ = {isa = PBXBuildFile; fileRef = 88E719A82F5D069E00EBDB76 /* Insignia_MenubarApp.swift */; };
		88E719B02F5D069E00EBDB76 /* ContentView.swift in Sources */ = {isa = PBXBuildFile; fileRef = 88E719A92F5D069E00EBDB76 /* ContentView.swift */; };
		88E719B22F5D071100EBDB76 /* Preview Content in Resources */ = {isa = PBXBuildFile; fileRef = 88E719B12F5D071100EBDB76 /* Preview Content */; };
/* End PBXBuildFile section */

/* Begin PBXFileReference section */
		88B423E22DD57E6C009C33CF /* Insignia Menubar.app */ = {isa = PBXFileReference; explicitFileType = wrapper.application; includeInIndex = 0; path = "Insignia Menubar.app"; sourceTree = BUILT_PRODUCTS_DIR; };
		88E719A42F5D069E00EBDB76 /* GameResponse.swift */ = {isa = PBXFileReference; fileEncoding = 4; lastKnownFileType = sourcecode.swift; path = GameResponse.swift; sourceTree = "<group>"; };
		88E719A52F5D069E00EBDB76 /* Assets.xcassets */ = {isa = PBXFileReference; lastKnownFileType = folder.assetcatalog; path = Assets.xcassets; sourceTree = "<group>"; };
		88E719A62F5D069E00EBDB76 /* AppDelegate.swift */ = {isa = PBXFileReference; fileEncoding = 4; lastKnownFileType = sourcecode.swift; path = AppDelegate.swift; sourceTree = "<group>"; };
		88E719A72F5D069E00EBDB76 /* GameSession.swift */ = {isa = PBXFileReference; fileEncoding = 4; lastKnownFileType = sourcecode.swift; path = GameSession.swift; sourceTree = "<group>"; };
		88E719A82F5D069E00EBDB76 /* Insignia_MenubarApp.swift */ = {isa = PBXFileReference; fileEncoding = 4; lastKnownFileType = sourcecode.swift; path = Insignia_MenubarApp.swift; sourceTree = "<group>"; };
		88E719A92F5D069E00EBDB76 /* ContentView.swift */ = {isa = PBXFileReference; fileEncoding = 4; lastKnownFileType = sourcecode.swift; path = ContentView.swift; sourceTree = "<group>"; };
		88E719AA2F5D069E00EBDB76 /* Insignia_Menubar.entitlements */ = {isa = PBXFileReference; fileEncoding = 4; lastKnownFileType = text.plist.entitlements; path = Insignia_Menubar.entitlements; sourceTree = "<group>"; };
		88E719B12F5D071100EBDB76 /* Preview Content */ = {isa = PBXFileReference; lastKnownFileType = folder; path = "Preview Content"; sourceTree = "<group>"; };
/* End PBXFileReference section */

/* Begin PBXFrameworksBuildPhase section */
		88B423DF2DD57E6C009C33CF /* Frameworks */ = {
			isa = PBXFrameworksBuildPhase;
			buildActionMask = 2147483647;
			files = (
			);
			runOnlyForDeploymentPostprocessing = 0;
		};
/* End PBXFrameworksBuildPhase section */

/* Begin PBXGroup section */
		88B423D92DD57E6C009C33CF = {
			isa = PBXGroup;
			children = (
				88B423E42DD57E6C009C33CF /* Insignia Menubar */,
				88B423E32DD57E6C009C33CF /* Products */,
			);
			sourceTree = "<group>";
		};
		88B423E32DD57E6C009C33CF /* Products */ = {
			isa = PBXGroup;
			children = (
				88B423E22DD57E6C009C33CF /* Insignia Menubar.app */,
			);
			name = Products;
			sourceTree = "<group>";
		};
		88B423E42DD57E6C009C33CF /* Insignia Menubar */ = {
			isa = PBXGroup;
			children = (
				88E719B12F5D071100EBDB76 /* Preview Content */,
				88E719A62F5D069E00EBDB76 /* AppDelegate.swift */,
				88E719A52F5D069E00EBDB76 /* Assets.xcassets */,
				88E719A92F5D069E00EBDB76 /* ContentView.swift */,
				88E719A42F5D069E00EBDB76 /* GameResponse.swift */,
				88E719A72F5D069E00EBDB76 /* GameSession.swift */,
				88E719AA2F5D069E00EBDB76 /* Insignia_Menubar.entitlements */,
				88E719A82F5D069E00EBDB76 /* Insignia_MenubarApp.swift */,
			);
			path = "Insignia Menubar";
			sourceTree = "<group>";
		};
/* End PBXGroup section */

/* Begin PBXNativeTarget section */
		88B423E12DD57E6C009C33CF /* Insignia Menubar */ = {
			isa = PBXNativeTarget;
			buildConfigurationList = 88B423F12DD57E6E009C33CF /* Build configuration list for PBXNativeTarget "Insignia Menubar" */;
			buildPhases = (
				88B423DE2DD57E6C009C33CF /* Sources */,
				88B423DF2DD57E6C009C33CF /* Frameworks */,
				88B423E02DD57E6C009C33CF /* Resources */,
			);
			buildRules = (
			);
			dependencies = (
			);
			name = "Insignia Menubar";
			productName = "Insignia Menubar";
			productReference = 88B423E22DD57E6C009C33CF /* Insignia Menubar.app */;
			productType = "com.apple.product-type.application";
		};
/* End PBXNativeTarget section */

/* Begin PBXProject section */
		88B423DA2DD57E6C009C33CF /* Project object */ = {
			isa = PBXProject;
			attributes = {
				BuildIndependentTargetsInParallel = 1;
				LastSwiftUpdateCheck = 1420;
				LastUpgradeCheck = 1420;
				TargetAttributes = {
					88B423E12DD57E6C009C33CF = {
						CreatedOnToolsVersion = 14.2;
					};
				};
			};
			buildConfigurationList = 88B423DD2DD57E6C009C33CF /* Build configuration list for PBXProject "Insignia Menubar" */;
			compatibilityVersion = "Xcode 14.0";
			developmentRegion = en;
			hasScannedForEncodings = 0;
			knownRegions = (
				en,
				Base,
			);
			mainGroup = 88B423D92DD57E6C009C33CF;
			productRefGroup = 88B423E32DD57E6C009C33CF /* Products */;
			projectDirPath = "";
			projectRoot = "";
			targets = (
				88B423E12DD57E6C009C33CF /* Insignia Menubar */,
			);
		};
/* End PBXProject section */

/* Begin PBXResourcesBuildPhase section */
		88B423E02DD57E6C009C33CF /* Resources */ = {
			isa = PBXResourcesBuildPhase;
			buildActionMask = 2147483647;
			files = (
				88E719B22F5D071100EBDB76 /* Preview Content in Resources */,
				88E719AC2F5D069E00EBDB76 /* Assets.xcassets in Resources */,
			);
			runOnlyForDeploymentPostprocessing = 0;
		};
/* End PBXResourcesBuildPhase section */

/* Begin PBXSourcesBuildPhase section */
		88B423DE2DD57E6C009C33CF /* Sources */ = {
			isa = PBXSourcesBuildPhase;
			buildActionMask = 2147483647;
			files = (
				88E719AE2F5D069E00EBDB76 /* GameSession.swift in Sources */,
				88E719AB2F5D069E00EBDB76 /* GameResponse.swift in Sources */,
				88E719AF2F5D069E00EBDB76 /* Insignia_MenubarApp.swift in Sources */,
				88E719B02F5D069E00EBDB76 /* ContentView.swift in Sources */,
				88E719AD2F5D069E00EBDB76 /* AppDelegate.swift in Sources */,
			);
			runOnlyForDeploymentPostprocessing = 0;
		};
/* End PBXSourcesBuildPhase section */

/* Begin XCBuildConfiguration section */
		88B423EF2DD57E6E009C33CF /* Debug */ = {
			isa = XCBuildConfiguration;
			buildSettings = {
				ALWAYS_SEARCH_USER_PATHS = NO;
				CLANG_ANALYZER_NONNULL = YES;
				CLANG_ANALYZER_NUMBER_OBJECT_CONVERSION = YES_AGGRESSIVE;
				CLANG_CXX_LANGUAGE_STANDARD = "gnu++20";
				CLANG_ENABLE_MODULES = YES;
				CLANG_ENABLE_OBJC_ARC = YES;
				CLANG_ENABLE_OBJC_WEAK = YES;
				CLANG_WARN_BLOCK_CAPTURE_AUTORELEASING = YES;
				CLANG_WARN_BOOL_CONVERSION = YES;
				CLANG_WARN_COMMA = YES;
				CLANG_WARN_CONSTANT_CONVERSION = YES;
				CLANG_WARN_DEPRECATED_OBJC_IMPLEMENTATIONS = YES;
				CLANG_WARN_DIRECT_OBJC_ISA_USAGE = YES_ERROR;
				CLANG_WARN_DOCUMENTATION_COMMENTS = YES;
				CLANG_WARN_EMPTY_BODY = YES;
				CLANG_WARN_ENUM_CONVERSION = YES;
				CLANG_WARN_INFINITE_RECURSION = YES;
				CLANG_WARN_INT_CONVERSION = YES;
				CLANG_WARN_NON_LITERAL_NULL_CONVERSION = YES;
				CLANG_WARN_OBJC_IMPLICIT_RETAIN_SELF = YES;
				CLANG_WARN_OBJC_LITERAL_CONVERSION = YES;
				CLANG_WARN_OBJC_ROOT_CLASS = YES_ERROR;
				CLANG_WARN_QUOTED_INCLUDE_IN_FRAMEWORK_HEADER = YES;
				CLANG_WARN_RANGE_LOOP_ANALYSIS = YES;
				CLANG_WARN_STRICT_PROTOTYPES = YES;
				CLANG_WARN_SUSPICIOUS_MOVE = YES;
				CLANG_WARN_UNGUARDED_AVAILABILITY = YES_AGGRESSIVE;
				CLANG_WARN_UNREACHABLE_CODE = YES;
				CLANG_WARN__DUPLICATE_METHOD_MATCH = YES;
				COPY_PHASE_STRIP = NO;
				DEBUG_INFORMATION_FORMAT = dwarf;
				ENABLE_STRICT_OBJC_MSGSEND = YES;
				ENABLE_TESTABILITY = YES;
				GCC_C_LANGUAGE_STANDARD = gnu11;
				GCC_DYNAMIC_NO_PIC = NO;
				GCC_NO_COMMON_BLOCKS = YES;
				GCC_OPTIMIZATION_LEVEL = 0;
				GCC_PREPROCESSOR_DEFINITIONS = (
					"DEBUG=1",
					"$(inherited)",
				);
				GCC_WARN_64_TO_32_BIT_CONVERSION = YES;
				GCC_WARN_ABOUT_RETURN_TYPE = YES_ERROR;
				GCC_WARN_UNDECLARED_SELECTOR = YES;
				GCC_WARN_UNINITIALIZED_AUTOS = YES_AGGRESSIVE;
				GCC_WARN_UNUSED_FUNCTION = YES;
				GCC_WARN_UNUSED_VARIABLE = YES;
				MACOSX_DEPLOYMENT_TARGET = 10.13;
				MTL_ENABLE_DEBUG_INFO = INCLUDE_SOURCE;
				MTL_FAST_MATH = YES;
				ONLY_ACTIVE_ARCH = YES;
				SDKROOT = macosx;
				SWIFT_ACTIVE_COMPILATION_CONDITIONS = DEBUG;
				SWIFT_OPTIMIZATION_LEVEL = "-Onone";
			};
			name = Debug;
		};
		88B423F02DD57E6E009C33CF /* Release */ = {
			isa = XCBuildConfiguration;
			buildSettings = {
				ALWAYS_SEARCH_USER_PATHS = NO;
				CLANG_ANALYZER_NONNULL = YES;
				CLANG_ANALYZER_NUMBER_OBJECT_CONVERSION = YES_AGGRESSIVE;
				CLANG_CXX_LANGUAGE_STANDARD = "gnu++20";
				CLANG_ENABLE_MODULES = YES;
				CLANG_ENABLE_OBJC_ARC = YES;
				CLANG_ENABLE_OBJC_WEAK = YES;
				CLANG_WARN_BLOCK_CAPTURE_AUTORELEASING = YES;
				CLANG_WARN_BOOL_CONVERSION = YES;
				CLANG_WARN_COMMA = YES;
				CLANG_WARN_CONSTANT_CONVERSION = YES;
				CLANG_WARN_DEPRECATED_OBJC_IMPLEMENTATIONS = YES;
				CLANG_WARN_DIRECT_OBJC_ISA_USAGE = YES_ERROR;
				CLANG_WARN_DOCUMENTATION_COMMENTS = YES;
				CLANG_WARN_EMPTY_BODY = YES;
				CLANG_WARN_ENUM_CONVERSION = YES;
				CLANG_WARN_INFINITE_RECURSION = YES;
				CLANG_WARN_INT_CONVERSION = YES;
				CLANG_WARN_NON_LITERAL_NULL_CONVERSION = YES;
				CLANG_WARN_OBJC_IMPLICIT_RETAIN_SELF = YES;
				CLANG_WARN_OBJC_LITERAL_CONVERSION = YES;
				CLANG_WARN_OBJC_ROOT_CLASS = YES_ERROR;
				CLANG_WARN_QUOTED_INCLUDE_IN_FRAMEWORK_HEADER = YES;
				CLANG_WARN_RANGE_LOOP_ANALYSIS = YES;
				CLANG_WARN_STRICT_PROTOTYPES = YES;
				CLANG_WARN_SUSPICIOUS_MOVE = YES;
				CLANG_WARN_UNGUARDED_AVAILABILITY = YES_AGGRESSIVE;
				CLANG_WARN_UNREACHABLE_CODE = YES;
				CLANG_WARN__DUPLICATE_METHOD_MATCH = YES;
				COPY_PHASE_STRIP = NO;
				DEBUG_INFORMATION_FORMAT = "dwarf-with-dsym";
				ENABLE_NS_ASSERTIONS = NO;
				ENABLE_STRICT_OBJC_MSGSEND = YES;
				GCC_C_LANGUAGE_STANDARD = gnu11;
				GCC_NO_COMMON_BLOCKS = YES;
				GCC_WARN_64_TO_32_BIT_CONVERSION = YES;
				GCC_WARN_ABOUT_RETURN_TYPE = YES_ERROR;
				GCC_WARN_UNDECLARED_SELECTOR = YES;
				GCC_WARN_UNINITIALIZED_AUTOS = YES_AGGRESSIVE;
				GCC_WARN_UNUSED_FUNCTION = YES;
				GCC_WARN_UNUSED_VARIABLE = YES;
				MACOSX_DEPLOYMENT_TARGET = 10.13;
				MTL_ENABLE_DEBUG_INFO = NO;
				MTL_FAST_MATH = YES;
				SDKROOT = macosx;
				SWIFT_COMPILATION_MODE = wholemodule;
				SWIFT_OPTIMIZATION_LEVEL = "-O";
			};
			name = Release;
		};
		88B423F22DD57E6E009C33CF /* Debug */ = {
			isa = XCBuildConfiguration;
			buildSettings = {
				ASSETCATALOG_COMPILER_APPICON_NAME = AppIcon;
				ASSETCATALOG_COMPILER_GLOBAL_ACCENT_COLOR_NAME = AccentColor;
				CODE_SIGN_ENTITLEMENTS = "Insignia Menubar/Insignia_Menubar.entitlements";
				CODE_SIGN_STYLE = Automatic;
				COMBINE_HIDPI_IMAGES = YES;
				CURRENT_PROJECT_VERSION = 1;
				DEVELOPMENT_ASSET_PATHS = "\"Insignia Menubar/Preview Content\"";
				ENABLE_PREVIEWS = YES;
				GENERATE_INFOPLIST_FILE = YES;
				INFOPLIST_KEY_LSUIElement = YES;
				INFOPLIST_KEY_NSHumanReadableCopyright = "";
				LD_RUNPATH_SEARCH_PATHS = (
					"$(inherited)",
					"@executable_path/../Frameworks",
				);
				MACOSX_DEPLOYMENT_TARGET = 11.0;
				MARKETING_VERSION = 1.0;
				PRODUCT_BUNDLE_IDENTIFIER = "com.Anis360.Insignia-Menubar";
				PRODUCT_NAME = "$(TARGET_NAME)";
				SWIFT_EMIT_LOC_STRINGS = YES;
				SWIFT_VERSION = 5.0;
			};
			name = Debug;
		};
		88B423F32DD57E6E009C33CF /* Release */ = {
			isa = XCBuildConfiguration;
			buildSettings = {
				ASSETCATALOG_COMPILER_APPICON_NAME = AppIcon;
				ASSETCATALOG_COMPILER_GLOBAL_ACCENT_COLOR_NAME = AccentColor;
				CODE_SIGN_ENTITLEMENTS = "Insignia Menubar/Insignia_Menubar.entitlements";
				CODE_SIGN_STYLE = Automatic;
				COMBINE_HIDPI_IMAGES = YES;
				CURRENT_PROJECT_VERSION = 1;
				DEVELOPMENT_ASSET_PATHS = "\"Insignia Menubar/Preview Content\"";
				ENABLE_PREVIEWS = YES;
				GENERATE_INFOPLIST_FILE = YES;
				INFOPLIST_KEY_LSUIElement = YES;
				INFOPLIST_KEY_NSHumanReadableCopyright = "";
				LD_RUNPATH_SEARCH_PATHS = (
					"$(inherited)",
					"@executable_path/../Frameworks",
				);
				MACOSX_DEPLOYMENT_TARGET = 11.0;
				MARKETING_VERSION = 1.0;
				PRODUCT_BUNDLE_IDENTIFIER = "com.Anis360.Insignia-Menubar";
				PRODUCT_NAME = "$(TARGET_NAME)";
				SWIFT_EMIT_LOC_STRINGS = YES;
				SWIFT_VERSION = 5.0;
			};
			name = Release;
		};
/* End XCBuildConfiguration section */

/* Begin XCConfigurationList section */
		88B423DD2DD57E6C009C33CF /* Build configuration list for PBXProject "Insignia Menubar" */ = {
			isa = XCConfigurationList;
			buildConfigurations = (
				88B423EF2DD57E6E009C33CF /* Debug */,
				88B423F02DD57E6E009C33CF /* Release */,
			);
			defaultConfigurationIsVisible = 0;
			defaultConfigurationName = Release;
		};
		88B423F12DD57E6E009C33CF /* Build configuration list for PBXNativeTarget "Insignia Menubar" */ = {
			isa = XCConfigurationList;
			buildConfigurations = (
				88B423F22DD57E6E009C33CF /* Debug */,
				88B423F32DD57E6E009C33CF /* Release */,
			);
			defaultConfigurationIsVisible = 0;
			defaultConfigurationName = Release;
		};
/* End XCConfigurationList section */
	};
	rootObject = 88B423DA2DD57E6C009C33CF /* Project object */;
}
